
Microsoft Visual Studio Solution File, Format Version 12.00
# Visual Studio 15
VisualStudioVersion = 15.0.28307.168
MinimumVisualStudioVersion = 10.0.40219.1
Project("{FAE04EC0-301F-11D3-BF4B-00C04F79EFBC}") = "FIlmApp", "FIlmApp\FIlmApp.csproj", "{B22827A8-8B79-4027-A552-6C0177057338}"
EndProject
Global
	GlobalSection(SolutionConfigurationPlatforms) = preSolution
		Debug|Any CPU = Debug|Any CPU
		Release|Any CPU = Release|Any CPU
	EndGlobalSection
	GlobalSection(ProjectConfigurationPlatforms) = postSolution
		{B22827A8-8B79-4027-A552-6C0177057338}.Debug|Any CPU.ActiveCfg = Debug|Any CPU
		{B22827A8-8B79-4027-A552-6C0177057338}.Debug|Any CPU.Build.0 = Debug|Any CPU
		{B22827A8-8B79-4027-A552-6C0177057338}.Release|Any CPU.ActiveCfg = Release|Any CPU
		{B22827A8-8B79-4027-A552-6C0177057338}.Release|Any CPU.Build.0 = Release|Any CPU
	EndGlobalSection
	GlobalSection(SolutionProperties) = preSolution
		HideSolutionNode = FALSE
	EndGlobalSection
	GlobalSection(ExtensibilityGlobals) = postSolution
		SolutionGuid = {9CDE1E74-CCD8-438D-AE74-70F6B680FBFA}
	EndGlobalSection
EndGlobal
